
Microsoft Visual Studio Solution File, Format Version 12.00
# Visual Studio Version 16
VisualStudioVersion = 16.0.32510.428
MinimumVisualStudioVersion = 10.0.40219.1
Project("{FAE04EC0-301F-11D3-BF4B-00C04F79EFBC}") = "SinemaOtomasyon", "SinemaOtomasyon\SinemaOtomasyon.csproj", "{8FA1868C-3BDF-4E97-944C-21F2627111E1}"
EndProject
Global
	GlobalSection(SolutionConfigurationPlatforms) = preSolution
		Debug|Any CPU = Debug|Any CPU
		Release|Any CPU = Release|Any CPU
	EndGlobalSection
	GlobalSection(ProjectConfigurationPlatforms) = postSolution
		{8FA1868C-3BDF-4E97-944C-21F2627111E1}.Debug|Any CPU.ActiveCfg = Debug|Any CPU
		{8FA1868C-3BDF-4E97-944C-21F2627111E1}.Debug|Any CPU.Build.0 = Debug|Any CPU
		{8FA1868C-3BDF-4E97-944C-21F2627111E1}.Release|Any CPU.ActiveCfg = Release|Any CPU
		{8FA1868C-3BDF-4E97-944C-21F2627111E1}.Release|Any CPU.Build.0 = Release|Any CPU
	EndGlobalSection
	GlobalSection(SolutionProperties) = preSolution
		HideSolutionNode = FALSE
	EndGlobalSection
	GlobalSection(ExtensibilityGlobals) = postSolution
		SolutionGuid = {D5775A0B-3E30-42BC-A1AA-B4475A05E717}
	EndGlobalSection
EndGlobal
